
Microsoft Visual Studio Solution File, Format Version 12.00
# Visual Studio Version 17
VisualStudioVersion = 17.9.34607.119
MinimumVisualStudioVersion = 10.0.40219.1
Project("{9A19103F-16F7-4668-BE54-9A1E7A4F7556}") = "cvclass", "wrk\cvclass\cvclass.csproj", "{CE3A45BD-4428-46F7-82B0-A8DCBC485BDC}"
EndProject
Project("{8BC9CEB8-8B4A-11D0-8D11-00A0C91BC942}") = "cv", "wrk\cv\cv.vcxproj", "{CF81F47E-ADF9-47E8-B7BB-69E14179E33C}"
EndProject
Global
	GlobalSection(SolutionConfigurationPlatforms) = preSolution
		Debug|x64 = Debug|x64
		Release|x64 = Release|x64
	EndGlobalSection
	GlobalSection(ProjectConfigurationPlatforms) = postSolution
		{CE3A45BD-4428-46F7-82B0-A8DCBC485BDC}.Debug|x64.ActiveCfg = Debug|x64
		{CE3A45BD-4428-46F7-82B0-A8DCBC485BDC}.Debug|x64.Build.0 = Debug|x64
		{CE3A45BD-4428-46F7-82B0-A8DCBC485BDC}.Debug|x64.Deploy.0 = Debug|x64
		{CE3A45BD-4428-46F7-82B0-A8DCBC485BDC}.Release|x64.ActiveCfg = Release|x64
		{CE3A45BD-4428-46F7-82B0-A8DCBC485BDC}.Release|x64.Build.0 = Release|x64
		{CE3A45BD-4428-46F7-82B0-A8DCBC485BDC}.Release|x64.Deploy.0 = Release|x64
		{CF81F47E-ADF9-47E8-B7BB-69E14179E33C}.Debug|x64.ActiveCfg = Debug|x64
		{CF81F47E-ADF9-47E8-B7BB-69E14179E33C}.Debug|x64.Build.0 = Debug|x64
		{CF81F47E-ADF9-47E8-B7BB-69E14179E33C}.Release|x64.ActiveCfg = Release|x64
		{CF81F47E-ADF9-47E8-B7BB-69E14179E33C}.Release|x64.Build.0 = Release|x64
	EndGlobalSection
	GlobalSection(SolutionProperties) = preSolution
		HideSolutionNode = FALSE
	EndGlobalSection
	GlobalSection(ExtensibilityGlobals) = postSolution
		SolutionGuid = {78B6EC2B-858F-4A0B-9A96-D14C45B076B9}
	EndGlobalSection
EndGlobal
